
Microsoft Visual Studio Solution File, Format Version 12.00
# Visual Studio Version 17
VisualStudioVersion = 17.11.35303.130
MinimumVisualStudioVersion = 10.0.40219.1
Project("{FAE04EC0-301F-11D3-BF4B-00C04F79EFBC}") = "Reiskosten", "Reiskosten\Reiskosten.csproj", "{AEFCD0E1-D06E-4115-BFEF-5F34F11785E9}"
EndProject
Global
	GlobalSection(SolutionConfigurationPlatforms) = preSolution
		Debug|Any CPU = Debug|Any CPU
		Release|Any CPU = Release|Any CPU
	EndGlobalSection
	GlobalSection(ProjectConfigurationPlatforms) = postSolution
		{AEFCD0E1-D06E-4115-BFEF-5F34F11785E9}.Debug|Any CPU.ActiveCfg = Debug|Any CPU
		{AEFCD0E1-D06E-4115-BFEF-5F34F11785E9}.Debug|Any CPU.Build.0 = Debug|Any CPU
		{AEFCD0E1-D06E-4115-BFEF-5F34F11785E9}.Release|Any CPU.ActiveCfg = Release|Any CPU
		{AEFCD0E1-D06E-4115-BFEF-5F34F11785E9}.Release|Any CPU.Build.0 = Release|Any CPU
	EndGlobalSection
	GlobalSection(SolutionProperties) = preSolution
		HideSolutionNode = FALSE
	EndGlobalSection
	GlobalSection(ExtensibilityGlobals) = postSolution
		SolutionGuid = {1EA0C57D-E66E-4FA9-AE7F-6835033D90F4}
	EndGlobalSection
EndGlobal
